
Microsoft Visual Studio Solution File, Format Version 12.00
# Visual Studio Version 17
VisualStudioVersion = 17.8.34330.188
MinimumVisualStudioVersion = 10.0.40219.1
Project("{FAE04EC0-301F-11D3-BF4B-00C04F79EFBC}") = "Disarm-Server", "Disarm-Server\Disarm-Server.csproj", "{248BB9DF-DBED-4AEF-A799-604319374E5D}"
EndProject
Global
	GlobalSection(SolutionConfigurationPlatforms) = preSolution
		Debug|Any CPU = Debug|Any CPU
		Release|Any CPU = Release|Any CPU
	EndGlobalSection
	GlobalSection(ProjectConfigurationPlatforms) = postSolution
		{248BB9DF-DBED-4AEF-A799-604319374E5D}.Debug|Any CPU.ActiveCfg = Debug|Any CPU
		{248BB9DF-DBED-4AEF-A799-604319374E5D}.Debug|Any CPU.Build.0 = Debug|Any CPU
		{248BB9DF-DBED-4AEF-A799-604319374E5D}.Release|Any CPU.ActiveCfg = Release|Any CPU
		{248BB9DF-DBED-4AEF-A799-604319374E5D}.Release|Any CPU.Build.0 = Release|Any CPU
	EndGlobalSection
	GlobalSection(SolutionProperties) = preSolution
		HideSolutionNode = FALSE
	EndGlobalSection
	GlobalSection(ExtensibilityGlobals) = postSolution
		SolutionGuid = {E881846A-2001-4149-A667-67C794707B5B}
	EndGlobalSection
EndGlobal
